
Microsoft Visual Studio Solution File, Format Version 12.00
# Visual Studio Version 17
VisualStudioVersion = 17.0.31903.59
MinimumVisualStudioVersion = 10.0.40219.1
Project("{2150E333-8FDC-42A3-9474-1A3956D46DE8}") = "src", "src", "{827E0CD3-B72D-47B6-A68D-7590B98EB39B}"
EndProject
Project("{FAE04EC0-301F-11D3-BF4B-00C04F79EFBC}") = "Domain", "src\Domain\Domain.csproj", "{9B451FAC-6BE9-4FC6-8FF6-E1E06103C31F}"
EndProject
Project("{FAE04EC0-301F-11D3-BF4B-00C04F79EFBC}") = "Application", "src\Application\Application.csproj", "{E779705B-BD6E-4293-9325-005DF9D04268}"
EndProject
Project("{FAE04EC0-301F-11D3-BF4B-00C04F79EFBC}") = "Infrastructure", "src\Infrastructure\Infrastructure.csproj", "{270C71A8-FDCA-4C56-96E4-5C6B4DB85B1C}"
EndProject
Project("{FAE04EC0-301F-11D3-BF4B-00C04F79EFBC}") = "Web", "src\Web\Web.csproj", "{2A0B86A4-EB1E-48AD-9ACB-71900CEE1E50}"
EndProject
Project("{FAE04EC0-301F-11D3-BF4B-00C04F79EFBC}") = "Tests", "src\Tests\Tests.csproj", "{F7498B10-4D21-422D-B355-7E2BE86A182C}"
EndProject
Global
	GlobalSection(SolutionConfigurationPlatforms) = preSolution
		Debug|Any CPU = Debug|Any CPU
		Debug|x64 = Debug|x64
		Debug|x86 = Debug|x86
		Release|Any CPU = Release|Any CPU
		Release|x64 = Release|x64
		Release|x86 = Release|x86
	EndGlobalSection
	GlobalSection(ProjectConfigurationPlatforms) = postSolution
		{9B451FAC-6BE9-4FC6-8FF6-E1E06103C31F}.Debug|Any CPU.ActiveCfg = Debug|Any CPU
		{9B451FAC-6BE9-4FC6-8FF6-E1E06103C31F}.Debug|Any CPU.Build.0 = Debug|Any CPU
		{9B451FAC-6BE9-4FC6-8FF6-E1E06103C31F}.Debug|x64.ActiveCfg = Debug|Any CPU
		{9B451FAC-6BE9-4FC6-8FF6-E1E06103C31F}.Debug|x64.Build.0 = Debug|Any CPU
		{9B451FAC-6BE9-4FC6-8FF6-E1E06103C31F}.Debug|x86.ActiveCfg = Debug|Any CPU
		{9B451FAC-6BE9-4FC6-8FF6-E1E06103C31F}.Debug|x86.Build.0 = Debug|Any CPU
		{9B451FAC-6BE9-4FC6-8FF6-E1E06103C31F}.Release|Any CPU.ActiveCfg = Release|Any CPU
		{9B451FAC-6BE9-4FC6-8FF6-E1E06103C31F}.Release|Any CPU.Build.0 = Release|Any CPU
		{9B451FAC-6BE9-4FC6-8FF6-E1E06103C31F}.Release|x64.ActiveCfg = Release|Any CPU
		{9B451FAC-6BE9-4FC6-8FF6-E1E06103C31F}.Release|x64.Build.0 = Release|Any CPU
		{9B451FAC-6BE9-4FC6-8FF6-E1E06103C31F}.Release|x86.ActiveCfg = Release|Any CPU
		{9B451FAC-6BE9-4FC6-8FF6-E1E06103C31F}.Release|x86.Build.0 = Release|Any CPU
		{E779705B-BD6E-4293-9325-005DF9D04268}.Debug|Any CPU.ActiveCfg = Debug|Any CPU
		{E779705B-BD6E-4293-9325-005DF9D04268}.Debug|Any CPU.Build.0 = Debug|Any CPU
		{E779705B-BD6E-4293-9325-005DF9D04268}.Debug|x64.ActiveCfg = Debug|Any CPU
		{E779705B-BD6E-4293-9325-005DF9D04268}.Debug|x64.Build.0 = Debug|Any CPU
		{E779705B-BD6E-4293-9325-005DF9D04268}.Debug|x86.ActiveCfg = Debug|Any CPU
		{E779705B-BD6E-4293-9325-005DF9D04268}.Debug|x86.Build.0 = Debug|Any CPU
		{E779705B-BD6E-4293-9325-005DF9D04268}.Release|Any CPU.ActiveCfg = Release|Any CPU
		{E779705B-BD6E-4293-9325-005DF9D04268}.Release|Any CPU.Build.0 = Release|Any CPU
		{E779705B-BD6E-4293-9325-005DF9D04268}.Release|x64.ActiveCfg = Release|Any CPU
		{E779705B-BD6E-4293-9325-005DF9D04268}.Release|x64.Build.0 = Release|Any CPU
		{E779705B-BD6E-4293-9325-005DF9D04268}.Release|x86.ActiveCfg = Release|Any CPU
		{E779705B-BD6E-4293-9325-005DF9D04268}.Release|x86.Build.0 = Release|Any CPU
		{270C71A8-FDCA-4C56-96E4-5C6B4DB85B1C}.Debug|Any CPU.ActiveCfg = Debug|Any CPU
		{270C71A8-FDCA-4C56-96E4-5C6B4DB85B1C}.Debug|Any CPU.Build.0 = Debug|Any CPU
		{270C71A8-FDCA-4C56-96E4-5C6B4DB85B1C}.Debug|x64.ActiveCfg = Debug|Any CPU
		{270C71A8-FDCA-4C56-96E4-5C6B4DB85B1C}.Debug|x64.Build.0 = Debug|Any CPU
		{270C71A8-FDCA-4C56-96E4-5C6B4DB85B1C}.Debug|x86.ActiveCfg = Debug|Any CPU
		{270C71A8-FDCA-4C56-96E4-5C6B4DB85B1C}.Debug|x86.Build.0 = Debug|Any CPU
		{270C71A8-FDCA-4C56-96E4-5C6B4DB85B1C}.Release|Any CPU.ActiveCfg = Release|Any CPU
		{270C71A8-FDCA-4C56-96E4-5C6B4DB85B1C}.Release|Any CPU.Build.0 = Release|Any CPU
		{270C71A8-FDCA-4C56-96E4-5C6B4DB85B1C}.Release|x64.ActiveCfg = Release|Any CPU
		{270C71A8-FDCA-4C56-96E4-5C6B4DB85B1C}.Release|x64.Build.0 = Release|Any CPU
		{270C71A8-FDCA-4C56-96E4-5C6B4DB85B1C}.Release|x86.ActiveCfg = Release|Any CPU
		{270C71A8-FDCA-4C56-96E4-5C6B4DB85B1C}.Release|x86.Build.0 = Release|Any CPU
		{2A0B86A4-EB1E-48AD-9ACB-71900CEE1E50}.Debug|Any CPU.ActiveCfg = Debug|Any CPU
		{2A0B86A4-EB1E-48AD-9ACB-71900CEE1E50}.Debug|Any CPU.Build.0 = Debug|Any CPU
		{2A0B86A4-EB1E-48AD-9ACB-71900CEE1E50}.Debug|x64.ActiveCfg = Debug|Any CPU
		{2A0B86A4-EB1E-48AD-9ACB-71900CEE1E50}.Debug|x64.Build.0 = Debug|Any CPU
		{2A0B86A4-EB1E-48AD-9ACB-71900CEE1E50}.Debug|x86.ActiveCfg = Debug|Any CPU
		{2A0B86A4-EB1E-48AD-9ACB-71900CEE1E50}.Debug|x86.Build.0 = Debug|Any CPU
		{2A0B86A4-EB1E-48AD-9ACB-71900CEE1E50}.Release|Any CPU.ActiveCfg = Release|Any CPU
		{2A0B86A4-EB1E-48AD-9ACB-71900CEE1E50}.Release|Any CPU.Build.0 = Release|Any CPU
		{2A0B86A4-EB1E-48AD-9ACB-71900CEE1E50}.Release|x64.ActiveCfg = Release|Any CPU
		{2A0B86A4-EB1E-48AD-9ACB-71900CEE1E50}.Release|x64.Build.0 = Release|Any CPU
		{2A0B86A4-EB1E-48AD-9ACB-71900CEE1E50}.Release|x86.ActiveCfg = Release|Any CPU
		{2A0B86A4-EB1E-48AD-9ACB-71900CEE1E50}.Release|x86.Build.0 = Release|Any CPU
		{F7498B10-4D21-422D-B355-7E2BE86A182C}.Debug|Any CPU.ActiveCfg = Debug|Any CPU
		{F7498B10-4D21-422D-B355-7E2BE86A182C}.Debug|Any CPU.Build.0 = Debug|Any CPU
		{F7498B10-4D21-422D-B355-7E2BE86A182C}.Debug|x64.ActiveCfg = Debug|Any CPU
		{F7498B10-4D21-422D-B355-7E2BE86A182C}.Debug|x64.Build.0 = Debug|Any CPU
		{F7498B10-4D21-422D-B355-7E2BE86A182C}.Debug|x86.ActiveCfg = Debug|Any CPU
		{F7498B10-4D21-422D-B355-7E2BE86A182C}.Debug|x86.Build.0 = Debug|Any CPU
		{F7498B10-4D21-422D-B355-7E2BE86A182C}.Release|Any CPU.ActiveCfg = Release|Any CPU
		{F7498B10-4D21-422D-B355-7E2BE86A182C}.Release|Any CPU.Build.0 = Release|Any CPU
		{F7498B10-4D21-422D-B355-7E2BE86A182C}.Release|x64.ActiveCfg = Release|Any CPU
		{F7498B10-4D21-422D-B355-7E2BE86A182C}.Release|x64.Build.0 = Release|Any CPU
		{F7498B10-4D21-422D-B355-7E2BE86A182C}.Release|x86.ActiveCfg = Release|Any CPU
		{F7498B10-4D21-422D-B355-7E2BE86A182C}.Release|x86.Build.0 = Release|Any CPU
	EndGlobalSection
	GlobalSection(SolutionProperties) = preSolution
		HideSolutionNode = FALSE
	EndGlobalSection
	GlobalSection(NestedProjects) = preSolution
		{9B451FAC-6BE9-4FC6-8FF6-E1E06103C31F} = {827E0CD3-B72D-47B6-A68D-7590B98EB39B}
		{E779705B-BD6E-4293-9325-005DF9D04268} = {827E0CD3-B72D-47B6-A68D-7590B98EB39B}
		{270C71A8-FDCA-4C56-96E4-5C6B4DB85B1C} = {827E0CD3-B72D-47B6-A68D-7590B98EB39B}
		{2A0B86A4-EB1E-48AD-9ACB-71900CEE1E50} = {827E0CD3-B72D-47B6-A68D-7590B98EB39B}
		{F7498B10-4D21-422D-B355-7E2BE86A182C} = {827E0CD3-B72D-47B6-A68D-7590B98EB39B}
	EndGlobalSection
EndGlobal
